
Microsoft Visual Studio Solution File, Format Version 12.00
# Visual Studio 15
VisualStudioVersion = 15.0.28307.271
MinimumVisualStudioVersion = 10.0.40219.1
Project("{FAE04EC0-301F-11D3-BF4B-00C04F79EFBC}") = "WheatherObserver", "WheatherObserver\WheatherObserver.csproj", "{D153F134-B44C-45C0-8C71-CBF98B319A12}"
EndProject
Global
	GlobalSection(SolutionConfigurationPlatforms) = preSolution
		Debug|Any CPU = Debug|Any CPU
		Release|Any CPU = Release|Any CPU
	EndGlobalSection
	GlobalSection(ProjectConfigurationPlatforms) = postSolution
		{D153F134-B44C-45C0-8C71-CBF98B319A12}.Debug|Any CPU.ActiveCfg = Debug|Any CPU
		{D153F134-B44C-45C0-8C71-CBF98B319A12}.Debug|Any CPU.Build.0 = Debug|Any CPU
		{D153F134-B44C-45C0-8C71-CBF98B319A12}.Release|Any CPU.ActiveCfg = Release|Any CPU
		{D153F134-B44C-45C0-8C71-CBF98B319A12}.Release|Any CPU.Build.0 = Release|Any CPU
	EndGlobalSection
	GlobalSection(SolutionProperties) = preSolution
		HideSolutionNode = FALSE
	EndGlobalSection
	GlobalSection(ExtensibilityGlobals) = postSolution
		SolutionGuid = {6943B94F-D251-4441-83C2-50012A7D4EF2}
	EndGlobalSection
EndGlobal
